{
  "name": "ticketbot",
  "version": "1.0.0",
  "lockfileVersion": 1,
  "requires": true,
  "dependencies": {
    "better-sqlite3": {
      "version": "7.1.1",
      "requires": {
        "bindings": "^1.5.0",
        "prebuild-install": "^5.3.3",
        "tar": "4.4.10"
      }
    },
    "discord.js": {
      "version": "12.3.1",
      "requires": {
        "@discordjs/collection": "^0.1.6",
        "@discordjs/form-data": "^3.0.1",
        "abort-controller": "^3.0.0",
        "node-fetch": "^2.6.0",
        "prism-media": "^1.2.2",
        "setimmediate": "^1.0.5",
        "tweetnacl": "^1.0.3",
        "ws": "^7.3.1"
      }
    },
    "enmap": {
      "version": "5.8.0",
      "requires": {
        "better-sqlite3": "^7.1.0",
        "lodash": "^4.17.20",
        "on-change": "^2.0.1",
        "serialize-javascript": "^5.0.1"
      }
    }
  }
}
